
Microsoft Visual Studio Solution File, Format Version 12.00
# Visual Studio 15
VisualStudioVersion = 15.0.27130.2027
MinimumVisualStudioVersion = 10.0.40219.1
Project("{FAE04EC0-301F-11D3-BF4B-00C04F79EFBC}") = "Task_DEV_6", "Task_DEV_6\Task_DEV_6.csproj", "{A3EF3E90-A2FB-4C0C-AD37-8BEEE9C1961F}"
EndProject
Global
	GlobalSection(SolutionConfigurationPlatforms) = preSolution
		Debug|Any CPU = Debug|Any CPU
		Release|Any CPU = Release|Any CPU
	EndGlobalSection
	GlobalSection(ProjectConfigurationPlatforms) = postSolution
		{A3EF3E90-A2FB-4C0C-AD37-8BEEE9C1961F}.Debug|Any CPU.ActiveCfg = Debug|Any CPU
		{A3EF3E90-A2FB-4C0C-AD37-8BEEE9C1961F}.Debug|Any CPU.Build.0 = Debug|Any CPU
		{A3EF3E90-A2FB-4C0C-AD37-8BEEE9C1961F}.Release|Any CPU.ActiveCfg = Release|Any CPU
		{A3EF3E90-A2FB-4C0C-AD37-8BEEE9C1961F}.Release|Any CPU.Build.0 = Release|Any CPU
	EndGlobalSection
	GlobalSection(SolutionProperties) = preSolution
		HideSolutionNode = FALSE
	EndGlobalSection
	GlobalSection(ExtensibilityGlobals) = postSolution
		SolutionGuid = {00479C01-D484-4CAC-8B5A-00E2FF1C5331}
	EndGlobalSection
EndGlobal
