
Microsoft Visual Studio Solution File, Format Version 12.00
# Visual Studio 15
VisualStudioVersion = 15.0.27130.2027
MinimumVisualStudioVersion = 10.0.40219.1
Project("{FAE04EC0-301F-11D3-BF4B-00C04F79EFBC}") = "task19_04", "task19_04\task19_04.csproj", "{0B378F5B-CAE4-41B1-916E-A9EA7097B1FE}"
EndProject
Global
	GlobalSection(SolutionConfigurationPlatforms) = preSolution
		Debug|Any CPU = Debug|Any CPU
		Release|Any CPU = Release|Any CPU
	EndGlobalSection
	GlobalSection(ProjectConfigurationPlatforms) = postSolution
		{0B378F5B-CAE4-41B1-916E-A9EA7097B1FE}.Debug|Any CPU.ActiveCfg = Debug|Any CPU
		{0B378F5B-CAE4-41B1-916E-A9EA7097B1FE}.Debug|Any CPU.Build.0 = Debug|Any CPU
		{0B378F5B-CAE4-41B1-916E-A9EA7097B1FE}.Release|Any CPU.ActiveCfg = Release|Any CPU
		{0B378F5B-CAE4-41B1-916E-A9EA7097B1FE}.Release|Any CPU.Build.0 = Release|Any CPU
	EndGlobalSection
	GlobalSection(SolutionProperties) = preSolution
		HideSolutionNode = FALSE
	EndGlobalSection
	GlobalSection(ExtensibilityGlobals) = postSolution
		SolutionGuid = {DC069AEB-C7E0-4BC3-9BFF-61A214C660E4}
	EndGlobalSection
EndGlobal
